
Microsoft Visual Studio Solution File, Format Version 12.00
# Visual Studio Version 17
VisualStudioVersion = 17.5.33530.505
MinimumVisualStudioVersion = 10.0.40219.1
Project("{FAE04EC0-301F-11D3-BF4B-00C04F79EFBC}") = "War3 Map Editor Tools", "War3 Units Editor\War3 Map Editor Tools.csproj", "{961AC2D4-4A85-47D1-ADAA-66AC4644A007}"
EndProject
Global
	GlobalSection(SolutionConfigurationPlatforms) = preSolution
		Debug|Any CPU = Debug|Any CPU
		Release|Any CPU = Release|Any CPU
	EndGlobalSection
	GlobalSection(ProjectConfigurationPlatforms) = postSolution
		{961AC2D4-4A85-47D1-ADAA-66AC4644A007}.Debug|Any CPU.ActiveCfg = Debug|Any CPU
		{961AC2D4-4A85-47D1-ADAA-66AC4644A007}.Debug|Any CPU.Build.0 = Debug|Any CPU
		{961AC2D4-4A85-47D1-ADAA-66AC4644A007}.Release|Any CPU.ActiveCfg = Release|Any CPU
		{961AC2D4-4A85-47D1-ADAA-66AC4644A007}.Release|Any CPU.Build.0 = Release|Any CPU
	EndGlobalSection
	GlobalSection(SolutionProperties) = preSolution
		HideSolutionNode = FALSE
	EndGlobalSection
	GlobalSection(ExtensibilityGlobals) = postSolution
		SolutionGuid = {2F106BC5-D642-4501-8F4C-50ADD360D6D3}
	EndGlobalSection
EndGlobal
